
Microsoft Visual Studio Solution File, Format Version 12.00
# Visual Studio 14
VisualStudioVersion = 14.0.24720.0
MinimumVisualStudioVersion = 10.0.40219.1
Project("{8BC9CEB8-8B4A-11D0-8D11-00A0C91BC942}") = "game", "game.vcxproj", "{1E094BDE-9E83-434D-A010-9ED98D41F570}"
EndProject
Global
	GlobalSection(SolutionConfigurationPlatforms) = preSolution
		Release|megadrive = Release|megadrive
	EndGlobalSection
	GlobalSection(ProjectConfigurationPlatforms) = postSolution
		{1E094BDE-9E83-434D-A010-9ED98D41F570}.Release|megadrive.ActiveCfg = Release|Win32
		{1E094BDE-9E83-434D-A010-9ED98D41F570}.Release|megadrive.Build.0 = Release|Win32
	EndGlobalSection
	GlobalSection(SolutionProperties) = preSolution
		HideSolutionNode = FALSE
	EndGlobalSection
EndGlobal
